PODS:
  - NVActivityIndicatorView (5.1.1):
    - NVActivityIndicatorView/Base (= 5.1.1)
  - NVActivityIndicatorView/Base (5.1.1)

DEPENDENCIES:
  - NVActivityIndicatorView

SPEC REPOS:
  trunk:
    - NVActivityIndicatorView

SPEC CHECKSUMS:
  NVActivityIndicatorView: 1f6c5687f1171810aa27a3296814dc2d7dec3667

PODFILE CHECKSUM: b18d6cbd550214450c7a64ab1e7240cb0e99f37c

COCOAPODS: 1.11.2
